// !$*UTF8*$!
{
	archiveVersion = 1;
	classes = {
	};
	objectVersion = 48;
	objects = {

/* Begin PBXBuildFile section */
		3A0DE99A211B0BA300DC0497 /* FxxNetwork.m in Sources */ = {isa = PBXBuildFile; fileRef = 3A0DE999211B0BA300DC0497 /* FxxNetwork.m */; };
		3A0DE9A1211B0C1400DC0497 /* NSDictionary+safeGet.m in Sources */ = {isa = PBXBuildFile; fileRef = 3A0DE99C211B0C1300DC0497 /* NSDictionary+safeGet.m */; };
		3A0DE9A2211B0C1400DC0497 /* ZSNetTool.m in Sources */ = {isa = PBXBuildFile; fileRef = 3A0DE99F211B0C1300DC0497 /* ZSNetTool.m */; };
		3A0DE9A3211B0C1400DC0497 /* ZSHTTPManager.m in Sources */ = {isa = PBXBuildFile; fileRef = 3A0DE9A0211B0C1400DC0497 /* ZSHTTPManager.m */; };
		3A0DE9AE211B0CF700DC0497 /* RegViewController.m in Sources */ = {isa = PBXBuildFile; fileRef = 3A0DE9AB211B0CF700DC0497 /* RegViewController.m */; };
		3A0DE9AF211B0CF700DC0497 /* RegViewController.xib in Resources */ = {isa = PBXBuildFile; fileRef = 3A0DE9AC211B0CF700DC0497 /* RegViewController.xib */; };
		3A908550211B2F7D006290FD /* LoginModel.m in Sources */ = {isa = PBXBuildFile; fileRef = 3A90854F211B2F7D006290FD /* LoginModel.m */; };
		3ABAE03F211B108D0076F155 /* ViewController.m in Sources */ = {isa = PBXBuildFile; fileRef = 3ABAE03C211B108C0076F155 /* ViewController.m */; };
		3ABAE042211B10F50076F155 /* MainViewModel.m in Sources */ = {isa = PBXBuildFile; fileRef = 3ABAE041211B10F50076F155 /* MainViewModel.m */; };
		3ABAE065211B1E520076F155 /* MainModel.m in Sources */ = {isa = PBXBuildFile; fileRef = 3ABAE064211B1E520076F155 /* MainModel.m */; };
		3AD0A1882118848600F1DC31 /* AppDelegate.m in Sources */ = {isa = PBXBuildFile; fileRef = 3AD0A1872118848600F1DC31 /* AppDelegate.m */; };
		3AD0A18E2118848600F1DC31 /* Main.storyboard in Resources */ = {isa = PBXBuildFile; fileRef = 3AD0A18C2118848600F1DC31 /* Main.storyboard */; };
		3AD0A1902118848800F1DC31 /* Assets.xcassets in Resources */ = {isa = PBXBuildFile; fileRef = 3AD0A18F2118848800F1DC31 /* Assets.xcassets */; };
		3AD0A1932118848800F1DC31 /* LaunchScreen.storyboard in Resources */ = {isa = PBXBuildFile; fileRef = 3AD0A1912118848800F1DC31 /* LaunchScreen.storyboard */; };
		3AD0A1962118848800F1DC31 /* main.m in Sources */ = {isa = PBXBuildFile; fileRef = 3AD0A1952118848800F1DC31 /* main.m */; };
		3AD0A1A02118848900F1DC31 /* fxxprojectTests.m in Sources */ = {isa = PBXBuildFile; fileRef = 3AD0A19F2118848900F1DC31 /* fxxprojectTests.m */; };
		3AD0A1AB2118848900F1DC31 /* fxxprojectUITests.m in Sources */ = {isa = PBXBuildFile; fileRef = 3AD0A1AA2118848900F1DC31 /* fxxprojectUITests.m */; };
		3AD0A1CF2118876600F1DC31 /* RegViewModel.m in Sources */ = {isa = PBXBuildFile; fileRef = 3AD0A1CE2118876600F1DC31 /* RegViewModel.m */; };
		3AD0A1D221188A0A00F1DC31 /* LoginView.m in Sources */ = {isa = PBXBuildFile; fileRef = 3AD0A1D121188A0A00F1DC31 /* LoginView.m */; };
		3AD0A1D421188A1A00F1DC31 /* LoginView.xib in Resources */ = {isa = PBXBuildFile; fileRef = 3AD0A1D321188A1A00F1DC31 /* LoginView.xib */; };
		99CC1A0D212BB045009DB8DE /* CSAESTooL.m in Sources */ = {isa = PBXBuildFile; fileRef = 99CC1A09212BB044009DB8DE /* CSAESTooL.m */; };
		99CC1A0E212BB045009DB8DE /* NSData+AES.m in Sources */ = {isa = PBXBuildFile; fileRef = 99CC1A0C212BB045009DB8DE /* NSData+AES.m */; };
		99CC1A13212BB086009DB8DE /* CSGTMBase64.m in Sources */ = {isa = PBXBuildFile; fileRef = 99CC1A11212BB086009DB8DE /* CSGTMBase64.m */; };
		99F0BB652213F1BD00B81CB0 /* MBProgressHUD+Add.m in Sources */ = {isa = PBXBuildFile; fileRef = 99F0BB632213F1BD00B81CB0 /* MBProgressHUD+Add.m */; };
		99F0BB742213F9D300B81CB0 /* func.list in Resources */ = {isa = PBXBuildFile; fileRef = 99F0BB722213F9D300B81CB0 /* func.list */; };
		99F0BB752213F9D300B81CB0 /* mjbao-confuse.sh in Resources */ = {isa = PBXBuildFile; fileRef = 99F0BB732213F9D300B81CB0 /* mjbao-confuse.sh */; };
		E41966A23F087C16DA5C96C7 /* libPods-fxxproject.a in Frameworks */ = {isa = PBXBuildFile; fileRef = F0F085D97777F23E075F34BF /* libPods-fxxproject.a */; };
/* End PBXBuildFile section */

/* Begin PBXContainerItemProxy section */
		3AD0A19C2118848900F1DC31 /* PBXContainerItemProxy */ = {
			isa = PBXContainerItemProxy;
			containerPortal = 3AD0A17B2118848600F1DC31 /* Project object */;
			proxyType = 1;
			remoteGlobalIDString = 3AD0A1822118848600F1DC31;
			remoteInfo = fxxproject;
		};
		3AD0A1A72118848900F1DC31 /* PBXContainerItemProxy */ = {
			isa = PBXContainerItemProxy;
			containerPortal = 3AD0A17B2118848600F1DC31 /* Project object */;
			proxyType = 1;
			remoteGlobalIDString = 3AD0A1822118848600F1DC31;
			remoteInfo = fxxproject;
		};
/* End PBXContainerItemProxy section */

/* Begin PBXFileReference section */
		3A0DE94D211B0A3F00DC0497 /* PrefixHeader.pch */ = {isa = PBXFileReference; lastKnownFileType = sourcecode.c.h; path = PrefixHeader.pch; sourceTree = "<group>"; };
		3A0DE998211B0BA300DC0497 /* FxxNetwork.h */ = {isa = PBXFileReference; lastKnownFileType = sourcecode.c.h; path = FxxNetwork.h; sourceTree = "<group>"; };
		3A0DE999211B0BA300DC0497 /* FxxNetwork.m */ = {isa = PBXFileReference; lastKnownFileType = sourcecode.c.objc; path = FxxNetwork.m; sourceTree = "<group>"; };
		3A0DE99B211B0C1300DC0497 /* ZSNetTool.h */ = {isa = PBXFileReference; fileEncoding = 4; lastKnownFileType = sourcecode.c.h; path = ZSNetTool.h; sourceTree = "<group>"; };
		3A0DE99C211B0C1300DC0497 /* NSDictionary+safeGet.m */ = {isa = PBXFileReference; fileEncoding = 4; lastKnownFileType = sourcecode.c.objc; path = "NSDictionary+safeGet.m"; sourceTree = "<group>"; };
		3A0DE99D211B0C1300DC0497 /* ZSHTTPManager.h */ = {isa = PBXFileReference; fileEncoding = 4; lastKnownFileType = sourcecode.c.h; path = ZSHTTPManager.h; sourceTree = "<group>"; };
		3A0DE99E211B0C1300DC0497 /* NSDictionary+safeGet.h */ = {isa = PBXFileReference; fileEncoding = 4; lastKnownFileType = sourcecode.c.h; path = "NSDictionary+safeGet.h"; sourceTree = "<group>"; };
		3A0DE99F211B0C1300DC0497 /* ZSNetTool.m */ = {isa = PBXFileReference; fileEncoding = 4; lastKnownFileType = sourcecode.c.objc; path = ZSNetTool.m; sourceTree = "<group>"; };
		3A0DE9A0211B0C1400DC0497 /* ZSHTTPManager.m */ = {isa = PBXFileReference; fileEncoding = 4; lastKnownFileType = sourcecode.c.objc; path = ZSHTTPManager.m; sourceTree = "<group>"; };
		3A0DE9AB211B0CF700DC0497 /* RegViewController.m */ = {isa = PBXFileReference; fileEncoding = 4; lastKnownFileType = sourcecode.c.objc; path = RegViewController.m; sourceTree = "<group>"; };
		3A0DE9AC211B0CF700DC0497 /* RegViewController.xib */ = {isa = PBXFileReference; fileEncoding = 4; lastKnownFileType = file.xib; path = RegViewController.xib; sourceTree = "<group>"; };
		3A0DE9AD211B0CF700DC0497 /* RegViewController.h */ = {isa = PBXFileReference; fileEncoding = 4; lastKnownFileType = sourcecode.c.h; path = RegViewController.h; sourceTree = "<group>"; };
		3A90854E211B2F7D006290FD /* LoginModel.h */ = {isa = PBXFileReference; lastKnownFileType = sourcecode.c.h; path = LoginModel.h; sourceTree = "<group>"; };
		3A90854F211B2F7D006290FD /* LoginModel.m */ = {isa = PBXFileReference; lastKnownFileType = sourcecode.c.objc; path = LoginModel.m; sourceTree = "<group>"; };
		3ABAE03B211B108C0076F155 /* ViewController.h */ = {isa = PBXFileReference; fileEncoding = 4; lastKnownFileType = sourcecode.c.h; path = ViewController.h; sourceTree = "<group>"; };
		3ABAE03C211B108C0076F155 /* ViewController.m */ = {isa = PBXFileReference; fileEncoding = 4; lastKnownFileType = sourcecode.c.objc; path = ViewController.m; sourceTree = "<group>"; };
		3ABAE040211B10F50076F155 /* MainViewModel.h */ = {isa = PBXFileReference; lastKnownFileType = sourcecode.c.h; path = MainViewModel.h; sourceTree = "<group>"; };
		3ABAE041211B10F50076F155 /* MainViewModel.m */ = {isa = PBXFileReference; lastKnownFileType = sourcecode.c.objc; path = MainViewModel.m; sourceTree = "<group>"; };
		3ABAE063211B1E520076F155 /* MainModel.h */ = {isa = PBXFileReference; lastKnownFileType = sourcecode.c.h; path = MainModel.h; sourceTree = "<group>"; };
		3ABAE064211B1E520076F155 /* MainModel.m */ = {isa = PBXFileReference; lastKnownFileType = sourcecode.c.objc; path = MainModel.m; sourceTree = "<group>"; };
		3AD0A1832118848600F1DC31 /* fxxproject.app */ = {isa = PBXFileReference; explicitFileType = wrapper.application; includeInIndex = 0; path = fxxproject.app; sourceTree = BUILT_PRODUCTS_DIR; };
		3AD0A1862118848600F1DC31 /* AppDelegate.h */ = {isa = PBXFileReference; lastKnownFileType = sourcecode.c.h; path = AppDelegate.h; sourceTree = "<group>"; };
		3AD0A1872118848600F1DC31 /* AppDelegate.m */ = {isa = PBXFileReference; lastKnownFileType = sourcecode.c.objc; path = AppDelegate.m; sourceTree = "<group>"; };
		3AD0A18D2118848600F1DC31 /* Base */ = {isa = PBXFileReference; lastKnownFileType = file.storyboard; name = Base; path = Base.lproj/Main.storyboard; sourceTree = "<group>"; };
		3AD0A18F2118848800F1DC31 /* Assets.xcassets */ = {isa = PBXFileReference; lastKnownFileType = folder.assetcatalog; path = Assets.xcassets; sourceTree = "<group>"; };
		3AD0A1922118848800F1DC31 /* Base */ = {isa = PBXFileReference; lastKnownFileType = file.storyboard; name = Base; path = Base.lproj/LaunchScreen.storyboard; sourceTree = "<group>"; };
		3AD0A1942118848800F1DC31 /* Info.plist */ = {isa = PBXFileReference; lastKnownFileType = text.plist.xml; path = Info.plist; sourceTree = "<group>"; };
		3AD0A1952118848800F1DC31 /* main.m */ = {isa = PBXFileReference; lastKnownFileType = sourcecode.c.objc; path = main.m; sourceTree = "<group>"; };
		3AD0A19B2118848900F1DC31 /* fxxprojectTests.xctest */ = {isa = PBXFileReference; explicitFileType = wrapper.cfbundle; includeInIndex = 0; path = fxxprojectTests.xctest; sourceTree = BUILT_PRODUCTS_DIR; };
		3AD0A19F2118848900F1DC31 /* fxxprojectTests.m */ = {isa = PBXFileReference; lastKnownFileType = sourcecode.c.objc; path = fxxprojectTests.m; sourceTree = "<group>"; };
		3AD0A1A12118848900F1DC31 /* Info.plist */ = {isa = PBXFileReference; lastKnownFileType = text.plist.xml; path = Info.plist; sourceTree = "<group>"; };
		3AD0A1A62118848900F1DC31 /* fxxprojectUITests.xctest */ = {isa = PBXFileReference; explicitFileType = wrapper.cfbundle; includeInIndex = 0; path = fxxprojectUITests.xctest; sourceTree = BUILT_PRODUCTS_DIR; };
		3AD0A1AA2118848900F1DC31 /* fxxprojectUITests.m */ = {isa = PBXFileReference; lastKnownFileType = sourcecode.c.objc; path = fxxprojectUITests.m; sourceTree = "<group>"; };
		3AD0A1AC2118848900F1DC31 /* Info.plist */ = {isa = PBXFileReference; lastKnownFileType = text.plist.xml; path = Info.plist; sourceTree = "<group>"; };
		3AD0A1CD2118876600F1DC31 /* RegViewModel.h */ = {isa = PBXFileReference; lastKnownFileType = sourcecode.c.h; path = RegViewModel.h; sourceTree = "<group>"; };
		3AD0A1CE2118876600F1DC31 /* RegViewModel.m */ = {isa = PBXFileReference; lastKnownFileType = sourcecode.c.objc; path = RegViewModel.m; sourceTree = "<group>"; };
		3AD0A1D021188A0A00F1DC31 /* LoginView.h */ = {isa = PBXFileReference; lastKnownFileType = sourcecode.c.h; path = LoginView.h; sourceTree = "<group>"; };
		3AD0A1D121188A0A00F1DC31 /* LoginView.m */ = {isa = PBXFileReference; lastKnownFileType = sourcecode.c.objc; path = LoginView.m; sourceTree = "<group>"; };
		3AD0A1D321188A1A00F1DC31 /* LoginView.xib */ = {isa = PBXFileReference; lastKnownFileType = file.xib; path = LoginView.xib; sourceTree = "<group>"; };
		99B98EF721241A90008178E5 /* zh-Hans */ = {isa = PBXFileReference; lastKnownFileType = text.plist.strings; name = "zh-Hans"; path = "zh-Hans.lproj/Main.strings"; sourceTree = "<group>"; };
		99B98EF821241A91008178E5 /* zh-Hans */ = {isa = PBXFileReference; lastKnownFileType = text.plist.strings; name = "zh-Hans"; path = "zh-Hans.lproj/LaunchScreen.strings"; sourceTree = "<group>"; };
		99B98EF921241A94008178E5 /* el */ = {isa = PBXFileReference; lastKnownFileType = text.plist.strings; name = el; path = el.lproj/Main.strings; sourceTree = "<group>"; };
		99B98EFA21241A94008178E5 /* el */ = {isa = PBXFileReference; lastKnownFileType = text.plist.strings; name = el; path = el.lproj/LaunchScreen.strings; sourceTree = "<group>"; };
		99CC1A09212BB044009DB8DE /* CSAESTooL.m */ = {isa = PBXFileReference; fileEncoding = 4; lastKnownFileType = sourcecode.c.objc; path = CSAESTooL.m; sourceTree = "<group>"; };
		99CC1A0A212BB044009DB8DE /* NSData+AES.h */ = {isa = PBXFileReference; fileEncoding = 4; lastKnownFileType = sourcecode.c.h; path = "NSData+AES.h"; sourceTree = "<group>"; };
		99CC1A0B212BB044009DB8DE /* CSAESTooL.h */ = {isa = PBXFileReference; fileEncoding = 4; lastKnownFileType = sourcecode.c.h; path = CSAESTooL.h; sourceTree = "<group>"; };
		99CC1A0C212BB045009DB8DE /* NSData+AES.m */ = {isa = PBXFileReference; fileEncoding = 4; lastKnownFileType = sourcecode.c.objc; path = "NSData+AES.m"; sourceTree = "<group>"; };
		99CC1A10212BB086009DB8DE /* CSGTMBase64.h */ = {isa = PBXFileReference; fileEncoding = 4; lastKnownFileType = sourcecode.c.h; path = CSGTMBase64.h; sourceTree = "<group>"; };
		99CC1A11212BB086009DB8DE /* CSGTMBase64.m */ = {isa = PBXFileReference; fileEncoding = 4; lastKnownFileType = sourcecode.c.objc; path = CSGTMBase64.m; sourceTree = "<group>"; };
		99CC1A12212BB086009DB8DE /* CSGTMDefines.h */ = {isa = PBXFileReference; fileEncoding = 4; lastKnownFileType = sourcecode.c.h; path = CSGTMDefines.h; sourceTree = "<group>"; };
		99F0BB632213F1BD00B81CB0 /* MBProgressHUD+Add.m */ = {isa = PBXFileReference; fileEncoding = 4; lastKnownFileType = sourcecode.c.objc; path = "MBProgressHUD+Add.m"; sourceTree = "<group>"; };
		99F0BB642213F1BD00B81CB0 /* MBProgressHUD+Add.h */ = {isa = PBXFileReference; fileEncoding = 4; lastKnownFileType = sourcecode.c.h; path = "MBProgressHUD+Add.h"; sourceTree = "<group>"; };
		99F0BB712213F9D300B81CB0 /* codeObfuscation.h */ = {isa = PBXFileReference; fileEncoding = 4; lastKnownFileType = sourcecode.c.h; path = codeObfuscation.h; sourceTree = "<group>"; };
		99F0BB722213F9D300B81CB0 /* func.list */ = {isa = PBXFileReference; fileEncoding = 4; lastKnownFileType = text; path = func.list; sourceTree = "<group>"; };
		99F0BB732213F9D300B81CB0 /* mjbao-confuse.sh */ = {isa = PBXFileReference; fileEncoding = 4; lastKnownFileType = text.script.sh; path = "mjbao-confuse.sh"; sourceTree = "<group>"; };
		AAAD465F23A80C5CA714DFA8 /* Pods-fxxproject.release.xcconfig */ = {isa = PBXFileReference; includeInIndex = 1; lastKnownFileType = text.xcconfig; name = "Pods-fxxproject.release.xcconfig"; path = "Target Support Files/Pods-fxxproject/Pods-fxxproject.release.xcconfig"; sourceTree = "<group>"; };
		B479471729F1244B567FE4AA /* Pods-fxxproject.debug.xcconfig */ = {isa = PBXFileReference; includeInIndex = 1; lastKnownFileType = text.xcconfig; name = "Pods-fxxproject.debug.xcconfig"; path = "Target Support Files/Pods-fxxproject/Pods-fxxproject.debug.xcconfig"; sourceTree = "<group>"; };
		F0F085D97777F23E075F34BF /* libPods-fxxproject.a */ = {isa = PBXFileReference; explicitFileType = archive.ar; includeInIndex = 0; path = "libPods-fxxproject.a"; sourceTree = BUILT_PRODUCTS_DIR; };
/* End PBXFileReference section */

/* Begin PBXFrameworksBuildPhase section */
		3AD0A1802118848600F1DC31 /* Frameworks */ = {
			isa = PBXFrameworksBuildPhase;
			buildActionMask = 2147483647;
			files = (
				E41966A23F087C16DA5C96C7 /* libPods-fxxproject.a in Frameworks */,
			);
			runOnlyForDeploymentPostprocessing = 0;
		};
		3AD0A1982118848900F1DC31 /* Frameworks */ = {
			isa = PBXFrameworksBuildPhase;
			buildActionMask = 2147483647;
			files = (
			);
			runOnlyForDeploymentPostprocessing = 0;
		};
		3AD0A1A32118848900F1DC31 /* Frameworks */ = {
			isa = PBXFrameworksBuildPhase;
			buildActionMask = 2147483647;
			files = (
			);
			runOnlyForDeploymentPostprocessing = 0;
		};
/* End PBXFrameworksBuildPhase section */

/* Begin PBXGroup section */
		1DCBC15047346F2C3FF6AE2D /* Frameworks */ = {
			isa = PBXGroup;
			children = (
				F0F085D97777F23E075F34BF /* libPods-fxxproject.a */,
			);
			name = Frameworks;
			sourceTree = "<group>";
		};
		3A0DE997211B0B6700DC0497 /* Too */ = {
			isa = PBXGroup;
			children = (
				99CC1A0F212BB086009DB8DE /* Base64 */,
				99CC1A0B212BB044009DB8DE /* CSAESTooL.h */,
				99CC1A09212BB044009DB8DE /* CSAESTooL.m */,
				99CC1A0A212BB044009DB8DE /* NSData+AES.h */,
				99CC1A0C212BB045009DB8DE /* NSData+AES.m */,
				3A0DE99E211B0C1300DC0497 /* NSDictionary+safeGet.h */,
				3A0DE99C211B0C1300DC0497 /* NSDictionary+safeGet.m */,
				3A0DE99D211B0C1300DC0497 /* ZSHTTPManager.h */,
				3A0DE9A0211B0C1400DC0497 /* ZSHTTPManager.m */,
				3A0DE99B211B0C1300DC0497 /* ZSNetTool.h */,
				3A0DE99F211B0C1300DC0497 /* ZSNetTool.m */,
				3A0DE998211B0BA300DC0497 /* FxxNetwork.h */,
				3A0DE999211B0BA300DC0497 /* FxxNetwork.m */,
			);
			path = Too;
			sourceTree = "<group>";
		};
		3ABAE038211B0F640076F155 /* Main */ = {
			isa = PBXGroup;
			children = (
				3ABAE039211B108C0076F155 /* model */,
				3ABAE03A211B108C0076F155 /* vc */,
				3ABAE03E211B108D0076F155 /* view */,
				3ABAE03D211B108C0076F155 /* viewmodel */,
			);
			path = Main;
			sourceTree = "<group>";
		};
		3ABAE039211B108C0076F155 /* model */ = {
			isa = PBXGroup;
			children = (
				3ABAE063211B1E520076F155 /* MainModel.h */,
				3ABAE064211B1E520076F155 /* MainModel.m */,
			);
			path = model;
			sourceTree = "<group>";
		};
		3ABAE03A211B108C0076F155 /* vc */ = {
			isa = PBXGroup;
			children = (
				3ABAE03B211B108C0076F155 /* ViewController.h */,
				3ABAE03C211B108C0076F155 /* ViewController.m */,
			);
			path = vc;
			sourceTree = "<group>";
		};
		3ABAE03D211B108C0076F155 /* viewmodel */ = {
			isa = PBXGroup;
			children = (
				3ABAE040211B10F50076F155 /* MainViewModel.h */,
				3ABAE041211B10F50076F155 /* MainViewModel.m */,
			);
			path = viewmodel;
			sourceTree = "<group>";
		};
		3ABAE03E211B108D0076F155 /* view */ = {
			isa = PBXGroup;
			children = (
			);
			path = view;
			sourceTree = "<group>";
		};
		3AD0A17A2118848600F1DC31 = {
			isa = PBXGroup;
			children = (
				3AD0A1852118848600F1DC31 /* fxxproject */,
				3AD0A19E2118848900F1DC31 /* fxxprojectTests */,
				3AD0A1A92118848900F1DC31 /* fxxprojectUITests */,
				3AD0A1842118848600F1DC31 /* Products */,
				53223B683C1061E54B20FAB2 /* Pods */,
				1DCBC15047346F2C3FF6AE2D /* Frameworks */,
			);
			sourceTree = "<group>";
		};
		3AD0A1842118848600F1DC31 /* Products */ = {
			isa = PBXGroup;
			children = (
				3AD0A1832118848600F1DC31 /* fxxproject.app */,
				3AD0A19B2118848900F1DC31 /* fxxprojectTests.xctest */,
				3AD0A1A62118848900F1DC31 /* fxxprojectUITests.xctest */,
			);
			name = Products;
			sourceTree = "<group>";
		};
		3AD0A1852118848600F1DC31 /* fxxproject */ = {
			isa = PBXGroup;
			children = (
				99F0BB702213F9D300B81CB0 /* CodeConfuse */,
				3A0DE997211B0B6700DC0497 /* Too */,
				3AD0A1B8211884E700F1DC31 /* login&&reg&&changepws */,
				3ABAE038211B0F640076F155 /* Main */,
				3AD0A1862118848600F1DC31 /* AppDelegate.h */,
				3AD0A1872118848600F1DC31 /* AppDelegate.m */,
				3AD0A18F2118848800F1DC31 /* Assets.xcassets */,
				3AD0A18C2118848600F1DC31 /* Main.storyboard */,
				3AD0A1912118848800F1DC31 /* LaunchScreen.storyboard */,
				3AD0A1942118848800F1DC31 /* Info.plist */,
				3AD0A1952118848800F1DC31 /* main.m */,
				3A0DE94D211B0A3F00DC0497 /* PrefixHeader.pch */,
			);
			path = fxxproject;
			sourceTree = "<group>";
		};
		3AD0A19E2118848900F1DC31 /* fxxprojectTests */ = {
			isa = PBXGroup;
			children = (
				3AD0A19F2118848900F1DC31 /* fxxprojectTests.m */,
				3AD0A1A12118848900F1DC31 /* Info.plist */,
			);
			path = fxxprojectTests;
			sourceTree = "<group>";
		};
		3AD0A1A92118848900F1DC31 /* fxxprojectUITests */ = {
			isa = PBXGroup;
			children = (
				3AD0A1AA2118848900F1DC31 /* fxxprojectUITests.m */,
				3AD0A1AC2118848900F1DC31 /* Info.plist */,
			);
			path = fxxprojectUITests;
			sourceTree = "<group>";
		};
		3AD0A1B8211884E700F1DC31 /* login&&reg&&changepws */ = {
			isa = PBXGroup;
			children = (
				3AD0A1B9211884E700F1DC31 /* changepsw */,
				3AD0A1BE211884E700F1DC31 /* login */,
				3AD0A1C3211884E700F1DC31 /* reg */,
			);
			path = "login&&reg&&changepws";
			sourceTree = "<group>";
		};
		3AD0A1B9211884E700F1DC31 /* changepsw */ = {
			isa = PBXGroup;
			children = (
				3AD0A1BA211884E700F1DC31 /* model */,
				3AD0A1BB211884E700F1DC31 /* vc */,
				3AD0A1BC211884E700F1DC31 /* view */,
				3AD0A1BD211884E700F1DC31 /* viewmodel */,
			);
			path = changepsw;
			sourceTree = "<group>";
		};
		3AD0A1BA211884E700F1DC31 /* model */ = {
			isa = PBXGroup;
			children = (
			);
			path = model;
			sourceTree = "<group>";
		};
		3AD0A1BB211884E700F1DC31 /* vc */ = {
			isa = PBXGroup;
			children = (
			);
			path = vc;
			sourceTree = "<group>";
		};
		3AD0A1BC211884E700F1DC31 /* view */ = {
			isa = PBXGroup;
			children = (
			);
			path = view;
			sourceTree = "<group>";
		};
		3AD0A1BD211884E700F1DC31 /* viewmodel */ = {
			isa = PBXGroup;
			children = (
			);
			path = viewmodel;
			sourceTree = "<group>";
		};
		3AD0A1BE211884E700F1DC31 /* login */ = {
			isa = PBXGroup;
			children = (
				3AD0A1BF211884E700F1DC31 /* model */,
				3AD0A1C0211884E700F1DC31 /* vc */,
				3AD0A1C1211884E700F1DC31 /* view */,
				3AD0A1C2211884E700F1DC31 /* viewmodel */,
			);
			path = login;
			sourceTree = "<group>";
		};
		3AD0A1BF211884E700F1DC31 /* model */ = {
			isa = PBXGroup;
			children = (
				3A90854E211B2F7D006290FD /* LoginModel.h */,
				3A90854F211B2F7D006290FD /* LoginModel.m */,
			);
			path = model;
			sourceTree = "<group>";
		};
		3AD0A1C0211884E700F1DC31 /* vc */ = {
			isa = PBXGroup;
			children = (
			);
			path = vc;
			sourceTree = "<group>";
		};
		3AD0A1C1211884E700F1DC31 /* view */ = {
			isa = PBXGroup;
			children = (
				3AD0A1D021188A0A00F1DC31 /* LoginView.h */,
				3AD0A1D121188A0A00F1DC31 /* LoginView.m */,
				3AD0A1D321188A1A00F1DC31 /* LoginView.xib */,
			);
			path = view;
			sourceTree = "<group>";
		};
		3AD0A1C2211884E700F1DC31 /* viewmodel */ = {
			isa = PBXGroup;
			children = (
			);
			path = viewmodel;
			sourceTree = "<group>";
		};
		3AD0A1C3211884E700F1DC31 /* reg */ = {
			isa = PBXGroup;
			children = (
				3AD0A1C4211884E700F1DC31 /* model */,
				3AD0A1C5211884E700F1DC31 /* vc */,
				3AD0A1C6211884E700F1DC31 /* view */,
				3AD0A1C7211884E700F1DC31 /* viewmodel */,
			);
			path = reg;
			sourceTree = "<group>";
		};
		3AD0A1C4211884E700F1DC31 /* model */ = {
			isa = PBXGroup;
			children = (
			);
			path = model;
			sourceTree = "<group>";
		};
		3AD0A1C5211884E700F1DC31 /* vc */ = {
			isa = PBXGroup;
			children = (
				3A0DE9AD211B0CF700DC0497 /* RegViewController.h */,
				3A0DE9AB211B0CF700DC0497 /* RegViewController.m */,
				3A0DE9AC211B0CF700DC0497 /* RegViewController.xib */,
			);
			path = vc;
			sourceTree = "<group>";
		};
		3AD0A1C6211884E700F1DC31 /* view */ = {
			isa = PBXGroup;
			children = (
			);
			path = view;
			sourceTree = "<group>";
		};
		3AD0A1C7211884E700F1DC31 /* viewmodel */ = {
			isa = PBXGroup;
			children = (
				3AD0A1CD2118876600F1DC31 /* RegViewModel.h */,
				3AD0A1CE2118876600F1DC31 /* RegViewModel.m */,
			);
			path = viewmodel;
			sourceTree = "<group>";
		};
		53223B683C1061E54B20FAB2 /* Pods */ = {
			isa = PBXGroup;
			children = (
				B479471729F1244B567FE4AA /* Pods-fxxproject.debug.xcconfig */,
				AAAD465F23A80C5CA714DFA8 /* Pods-fxxproject.release.xcconfig */,
			);
			path = Pods;
			sourceTree = "<group>";
		};
		99CC1A0F212BB086009DB8DE /* Base64 */ = {
			isa = PBXGroup;
			children = (
				99F0BB642213F1BD00B81CB0 /* MBProgressHUD+Add.h */,
				99F0BB632213F1BD00B81CB0 /* MBProgressHUD+Add.m */,
				99CC1A10212BB086009DB8DE /* CSGTMBase64.h */,
				99CC1A11212BB086009DB8DE /* CSGTMBase64.m */,
				99CC1A12212BB086009DB8DE /* CSGTMDefines.h */,
			);
			path = Base64;
			sourceTree = "<group>";
		};
		99F0BB702213F9D300B81CB0 /* CodeConfuse */ = {
			isa = PBXGroup;
			children = (
				99F0BB712213F9D300B81CB0 /* codeObfuscation.h */,
				99F0BB722213F9D300B81CB0 /* func.list */,
				99F0BB732213F9D300B81CB0 /* mjbao-confuse.sh */,
			);
			path = CodeConfuse;
			sourceTree = "<group>";
		};
/* End PBXGroup section */

/* Begin PBXNativeTarget section */
		3AD0A1822118848600F1DC31 /* fxxproject */ = {
			isa = PBXNativeTarget;
			buildConfigurationList = 3AD0A1AF2118848900F1DC31 /* Build configuration list for PBXNativeTarget "fxxproject" */;
			buildPhases = (
				CB060448A3235E90BCB7814A /* [CP] Check Pods Manifest.lock */,
				3AD0A17F2118848600F1DC31 /* Sources */,
				3AD0A1802118848600F1DC31 /* Frameworks */,
				3AD0A1812118848600F1DC31 /* Resources */,
				DD3220C83489129744D267FF /* [CP] Copy Pods Resources */,
				99F0BB662213F7E800B81CB0 /* ShellScript */,
			);
			buildRules = (
			);
			dependencies = (
			);
			name = fxxproject;
			productName = fxxproject;
			productReference = 3AD0A1832118848600F1DC31 /* fxxproject.app */;
			productType = "com.apple.product-type.application";
		};
		3AD0A19A2118848900F1DC31 /* fxxprojectTests */ = {
			isa = PBXNativeTarget;
			buildConfigurationList = 3AD0A1B22118848900F1DC31 /* Build configuration list for PBXNativeTarget "fxxprojectTests" */;
			buildPhases = (
				3AD0A1972118848900F1DC31 /* Sources */,
				3AD0A1982118848900F1DC31 /* Frameworks */,
				3AD0A1992118848900F1DC31 /* Resources */,
			);
			buildRules = (
			);
			dependencies = (
				3AD0A19D2118848900F1DC31 /* PBXTargetDependency */,
			);
			name = fxxprojectTests;
			productName = fxxprojectTests;
			productReference = 3AD0A19B2118848900F1DC31 /* fxxprojectTests.xctest */;
			productType = "com.apple.product-type.bundle.unit-test";
		};
		3AD0A1A52118848900F1DC31 /* fxxprojectUITests */ = {
			isa = PBXNativeTarget;
			buildConfigurationList = 3AD0A1B52118848900F1DC31 /* Build configuration list for PBXNativeTarget "fxxprojectUITests" */;
			buildPhases = (
				3AD0A1A22118848900F1DC31 /* Sources */,
				3AD0A1A32118848900F1DC31 /* Frameworks */,
				3AD0A1A42118848900F1DC31 /* Resources */,
			);
			buildRules = (
			);
			dependencies = (
				3AD0A1A82118848900F1DC31 /* PBXTargetDependency */,
			);
			name = fxxprojectUITests;
			productName = fxxprojectUITests;
			productReference = 3AD0A1A62118848900F1DC31 /* fxxprojectUITests.xctest */;
			productType = "com.apple.product-type.bundle.ui-testing";
		};
/* End PBXNativeTarget section */

/* Begin PBXProject section */
		3AD0A17B2118848600F1DC31 /* Project object */ = {
			isa = PBXProject;
			attributes = {
				LastUpgradeCheck = 0940;
				ORGANIZATIONNAME = " 翁献山";
				TargetAttributes = {
					3AD0A1822118848600F1DC31 = {
						CreatedOnToolsVersion = 9.4.1;
						ProvisioningStyle = Automatic;
					};
					3AD0A19A2118848900F1DC31 = {
						CreatedOnToolsVersion = 9.4.1;
						ProvisioningStyle = Automatic;
						TestTargetID = 3AD0A1822118848600F1DC31;
					};
					3AD0A1A52118848900F1DC31 = {
						CreatedOnToolsVersion = 9.4.1;
						ProvisioningStyle = Automatic;
						TestTargetID = 3AD0A1822118848600F1DC31;
					};
				};
			};
			buildConfigurationList = 3AD0A17E2118848600F1DC31 /* Build configuration list for PBXProject "fxxproject" */;
			compatibilityVersion = "Xcode 8.0";
			developmentRegion = en;
			hasScannedForEncodings = 0;
			knownRegions = (
				en,
				Base,
			);
			mainGroup = 3AD0A17A2118848600F1DC31;
			productRefGroup = 3AD0A1842118848600F1DC31 /* Products */;
			projectDirPath = "";
			projectRoot = "";
			targets = (
				3AD0A1822118848600F1DC31 /* fxxproject */,
				3AD0A19A2118848900F1DC31 /* fxxprojectTests */,
				3AD0A1A52118848900F1DC31 /* fxxprojectUITests */,
			);
		};
/* End PBXProject section */

/* Begin PBXResourcesBuildPhase section */
		3AD0A1812118848600F1DC31 /* Resources */ = {
			isa = PBXResourcesBuildPhase;
			buildActionMask = 2147483647;
			files = (
				3AD0A1932118848800F1DC31 /* LaunchScreen.storyboard in Resources */,
				3AD0A1902118848800F1DC31 /* Assets.xcassets in Resources */,
				3AD0A18E2118848600F1DC31 /* Main.storyboard in Resources */,
				3AD0A1D421188A1A00F1DC31 /* LoginView.xib in Resources */,
				99F0BB752213F9D300B81CB0 /* mjbao-confuse.sh in Resources */,
				3A0DE9AF211B0CF700DC0497 /* RegViewController.xib in Resources */,
				99F0BB742213F9D300B81CB0 /* func.list in Resources */,
			);
			runOnlyForDeploymentPostprocessing = 0;
		};
		3AD0A1992118848900F1DC31 /* Resources */ = {
			isa = PBXResourcesBuildPhase;
			buildActionMask = 2147483647;
			files = (
			);
			runOnlyForDeploymentPostprocessing = 0;
		};
		3AD0A1A42118848900F1DC31 /* Resources */ = {
			isa = PBXResourcesBuildPhase;
			buildActionMask = 2147483647;
			files = (
			);
			runOnlyForDeploymentPostprocessing = 0;
		};
/* End PBXResourcesBuildPhase section */

/* Begin PBXShellScriptBuildPhase section */
		99F0BB662213F7E800B81CB0 /* ShellScript */ = {
			isa = PBXShellScriptBuildPhase;
			buildActionMask = 2147483647;
			files = (
			);
			inputFileListPaths = (
			);
			inputPaths = (
			);
			outputFileListPaths = (
			);
			outputPaths = (
			);
			runOnlyForDeploymentPostprocessing = 0;
			shellPath = /bin/sh;
			shellScript = "$PROJECT_DIR/fxxproject/CodeConfuse/mjbao-confuse.sh\n";
		};
		CB060448A3235E90BCB7814A /* [CP] Check Pods Manifest.lock */ = {
			isa = PBXShellScriptBuildPhase;
			buildActionMask = 2147483647;
			files = (
			);
			inputFileListPaths = (
			);
			inputPaths = (
				"${PODS_PODFILE_DIR_PATH}/Podfile.lock",
				"${PODS_ROOT}/Manifest.lock",
			);
			name = "[CP] Check Pods Manifest.lock";
			outputFileListPaths = (
			);
			outputPaths = (
				"$(DERIVED_FILE_DIR)/Pods-fxxproject-checkManifestLockResult.txt",
			);
			runOnlyForDeploymentPostprocessing = 0;
			shellPath = /bin/sh;
			shellScript = "diff \"${PODS_PODFILE_DIR_PATH}/Podfile.lock\" \"${PODS_ROOT}/Manifest.lock\" > /dev/null\nif [ $? != 0 ] ; then\n    # print error to STDERR\n    echo \"error: The sandbox is not in sync with the Podfile.lock. Run 'pod install' or update your CocoaPods installation.\" >&2\n    exit 1\nfi\n# This output is used by Xcode 'outputs' to avoid re-running this script phase.\necho \"SUCCESS\" > \"${SCRIPT_OUTPUT_FILE_0}\"\n";
			showEnvVarsInLog = 0;
		};
		DD3220C83489129744D267FF /* [CP] Copy Pods Resources */ = {
			isa = PBXShellScriptBuildPhase;
			buildActionMask = 2147483647;
			files = (
			);
			inputFileListPaths = (
			);
			inputPaths = (
				"${PODS_ROOT}/Target Support Files/Pods-fxxproject/Pods-fxxproject-resources.sh",
				"${PODS_ROOT}/IQKeyboardManager/IQKeyboardManager/Resources/IQKeyboardManager.bundle",
			);
			name = "[CP] Copy Pods Resources";
			outputFileListPaths = (
			);
			outputPaths = (
				"${TARGET_BUILD_DIR}/${UNLOCALIZED_RESOURCES_FOLDER_PATH}/IQKeyboardManager.bundle",
			);
			runOnlyForDeploymentPostprocessing = 0;
			shellPath = /bin/sh;
			shellScript = "\"${PODS_ROOT}/Target Support Files/Pods-fxxproject/Pods-fxxproject-resources.sh\"\n";
			showEnvVarsInLog = 0;
		};
/* End PBXShellScriptBuildPhase section */

/* Begin PBXSourcesBuildPhase section */
		3AD0A17F2118848600F1DC31 /* Sources */ = {
			isa = PBXSourcesBuildPhase;
			buildActionMask = 2147483647;
			files = (
				3AD0A1D221188A0A00F1DC31 /* LoginView.m in Sources */,
				3ABAE042211B10F50076F155 /* MainViewModel.m in Sources */,
				3A0DE9A3211B0C1400DC0497 /* ZSHTTPManager.m in Sources */,
				3A0DE9AE211B0CF700DC0497 /* RegViewController.m in Sources */,
				3AD0A1962118848800F1DC31 /* main.m in Sources */,
				3AD0A1CF2118876600F1DC31 /* RegViewModel.m in Sources */,
				99F0BB652213F1BD00B81CB0 /* MBProgressHUD+Add.m in Sources */,
				99CC1A0D212BB045009DB8DE /* CSAESTooL.m in Sources */,
				3A0DE9A1211B0C1400DC0497 /* NSDictionary+safeGet.m in Sources */,
				3A0DE99A211B0BA300DC0497 /* FxxNetwork.m in Sources */,
				3A908550211B2F7D006290FD /* LoginModel.m in Sources */,
				99CC1A0E212BB045009DB8DE /* NSData+AES.m in Sources */,
				3AD0A1882118848600F1DC31 /* AppDelegate.m in Sources */,
				3A0DE9A2211B0C1400DC0497 /* ZSNetTool.m in Sources */,
				3ABAE03F211B108D0076F155 /* ViewController.m in Sources */,
				3ABAE065211B1E520076F155 /* MainModel.m in Sources */,
				99CC1A13212BB086009DB8DE /* CSGTMBase64.m in Sources */,
			);
			runOnlyForDeploymentPostprocessing = 0;
		};
		3AD0A1972118848900F1DC31 /* Sources */ = {
			isa = PBXSourcesBuildPhase;
			buildActionMask = 2147483647;
			files = (
				3AD0A1A02118848900F1DC31 /* fxxprojectTests.m in Sources */,
			);
			runOnlyForDeploymentPostprocessing = 0;
		};
		3AD0A1A22118848900F1DC31 /* Sources */ = {
			isa = PBXSourcesBuildPhase;
			buildActionMask = 2147483647;
			files = (
				3AD0A1AB2118848900F1DC31 /* fxxprojectUITests.m in Sources */,
			);
			runOnlyForDeploymentPostprocessing = 0;
		};
/* End PBXSourcesBuildPhase section */

/* Begin PBXTargetDependency section */
		3AD0A19D2118848900F1DC31 /* PBXTargetDependency */ = {
			isa = PBXTargetDependency;
			target = 3AD0A1822118848600F1DC31 /* fxxproject */;
			targetProxy = 3AD0A19C2118848900F1DC31 /* PBXContainerItemProxy */;
		};
		3AD0A1A82118848900F1DC31 /* PBXTargetDependency */ = {
			isa = PBXTargetDependency;
			target = 3AD0A1822118848600F1DC31 /* fxxproject */;
			targetProxy = 3AD0A1A72118848900F1DC31 /* PBXContainerItemProxy */;
		};
/* End PBXTargetDependency section */

/* Begin PBXVariantGroup section */
		3AD0A18C2118848600F1DC31 /* Main.storyboard */ = {
			isa = PBXVariantGroup;
			children = (
				3AD0A18D2118848600F1DC31 /* Base */,
				99B98EF721241A90008178E5 /* zh-Hans */,
				99B98EF921241A94008178E5 /* el */,
			);
			name = Main.storyboard;
			sourceTree = "<group>";
		};
		3AD0A1912118848800F1DC31 /* LaunchScreen.storyboard */ = {
			isa = PBXVariantGroup;
			children = (
				3AD0A1922118848800F1DC31 /* Base */,
				99B98EF821241A91008178E5 /* zh-Hans */,
				99B98EFA21241A94008178E5 /* el */,
			);
			name = LaunchScreen.storyboard;
			sourceTree = "<group>";
		};
/* End PBXVariantGroup section */

/* Begin XCBuildConfiguration section */
		3AD0A1AD2118848900F1DC31 /* Debug */ = {
			isa = XCBuildConfiguration;
			buildSettings = {
				ALWAYS_SEARCH_USER_PATHS = NO;
				CLANG_ANALYZER_LOCALIZABILITY_NONLOCALIZED = YES;
				CLANG_ANALYZER_NONNULL = YES;
				CLANG_ANALYZER_NUMBER_OBJECT_CONVERSION = YES_AGGRESSIVE;
				CLANG_CXX_LANGUAGE_STANDARD = "gnu++14";
				CLANG_CXX_LIBRARY = "libc++";
				CLANG_ENABLE_MODULES = YES;
				CLANG_ENABLE_OBJC_ARC = YES;
				CLANG_ENABLE_OBJC_WEAK = YES;
				CLANG_WARN_BLOCK_CAPTURE_AUTORELEASING = YES;
				CLANG_WARN_BOOL_CONVERSION = YES;
				CLANG_WARN_COMMA = YES;
				CLANG_WARN_CONSTANT_CONVERSION = YES;
				CLANG_WARN_DEPRECATED_OBJC_IMPLEMENTATIONS = YES;
				CLANG_WARN_DIRECT_OBJC_ISA_USAGE = YES_ERROR;
				CLANG_WARN_DOCUMENTATION_COMMENTS = YES;
				CLANG_WARN_EMPTY_BODY = YES;
				CLANG_WARN_ENUM_CONVERSION = YES;
				CLANG_WARN_INFINITE_RECURSION = YES;
				CLANG_WARN_INT_CONVERSION = YES;
				CLANG_WARN_NON_LITERAL_NULL_CONVERSION = YES;
				CLANG_WARN_OBJC_IMPLICIT_RETAIN_SELF = YES;
				CLANG_WARN_OBJC_LITERAL_CONVERSION = YES;
				CLANG_WARN_OBJC_ROOT_CLASS = YES_ERROR;
				CLANG_WARN_RANGE_LOOP_ANALYSIS = YES;
				CLANG_WARN_STRICT_PROTOTYPES = YES;
				CLANG_WARN_SUSPICIOUS_MOVE = YES;
				CLANG_WARN_UNGUARDED_AVAILABILITY = YES_AGGRESSIVE;
				CLANG_WARN_UNREACHABLE_CODE = YES;
				CLANG_WARN__DUPLICATE_METHOD_MATCH = YES;
				CODE_SIGN_IDENTITY = "iPhone Developer";
				COPY_PHASE_STRIP = NO;
				DEBUG_INFORMATION_FORMAT = dwarf;
				ENABLE_STRICT_OBJC_MSGSEND = YES;
				ENABLE_TESTABILITY = YES;
				GCC_C_LANGUAGE_STANDARD = gnu11;
				GCC_DYNAMIC_NO_PIC = NO;
				GCC_NO_COMMON_BLOCKS = YES;
				GCC_OPTIMIZATION_LEVEL = 0;
				GCC_PREPROCESSOR_DEFINITIONS = (
					"DEBUG=1",
					"$(inherited)",
				);
				GCC_WARN_64_TO_32_BIT_CONVERSION = YES;
				GCC_WARN_ABOUT_RETURN_TYPE = YES_ERROR;
				GCC_WARN_UNDECLARED_SELECTOR = YES;
				GCC_WARN_UNINITIALIZED_AUTOS = YES_AGGRESSIVE;
				GCC_WARN_UNUSED_FUNCTION = YES;
				GCC_WARN_UNUSED_VARIABLE = YES;
				IPHONEOS_DEPLOYMENT_TARGET = 11.4;
				MTL_ENABLE_DEBUG_INFO = YES;
				ONLY_ACTIVE_ARCH = YES;
				SDKROOT = iphoneos;
			};
			name = Debug;
		};
		3AD0A1AE2118848900F1DC31 /* Release */ = {
			isa = XCBuildConfiguration;
			buildSettings = {
				ALWAYS_SEARCH_USER_PATHS = NO;
				CLANG_ANALYZER_LOCALIZABILITY_NONLOCALIZED = YES;
				CLANG_ANALYZER_NONNULL = YES;
				CLANG_ANALYZER_NUMBER_OBJECT_CONVERSION = YES_AGGRESSIVE;
				CLANG_CXX_LANGUAGE_STANDARD = "gnu++14";
				CLANG_CXX_LIBRARY = "libc++";
				CLANG_ENABLE_MODULES = YES;
				CLANG_ENABLE_OBJC_ARC = YES;
				CLANG_ENABLE_OBJC_WEAK = YES;
				CLANG_WARN_BLOCK_CAPTURE_AUTORELEASING = YES;
				CLANG_WARN_BOOL_CONVERSION = YES;
				CLANG_WARN_COMMA = YES;
				CLANG_WARN_CONSTANT_CONVERSION = YES;
				CLANG_WARN_DEPRECATED_OBJC_IMPLEMENTATIONS = YES;
				CLANG_WARN_DIRECT_OBJC_ISA_USAGE = YES_ERROR;
				CLANG_WARN_DOCUMENTATION_COMMENTS = YES;
				CLANG_WARN_EMPTY_BODY = YES;
				CLANG_WARN_ENUM_CONVERSION = YES;
				CLANG_WARN_INFINITE_RECURSION = YES;
				CLANG_WARN_INT_CONVERSION = YES;
				CLANG_WARN_NON_LITERAL_NULL_CONVERSION = YES;
				CLANG_WARN_OBJC_IMPLICIT_RETAIN_SELF = YES;
				CLANG_WARN_OBJC_LITERAL_CONVERSION = YES;
				CLANG_WARN_OBJC_ROOT_CLASS = YES_ERROR;
				CLANG_WARN_RANGE_LOOP_ANALYSIS = YES;
				CLANG_WARN_STRICT_PROTOTYPES = YES;
				CLANG_WARN_SUSPICIOUS_MOVE = YES;
				CLANG_WARN_UNGUARDED_AVAILABILITY = YES_AGGRESSIVE;
				CLANG_WARN_UNREACHABLE_CODE = YES;
				CLANG_WARN__DUPLICATE_METHOD_MATCH = YES;
				CODE_SIGN_IDENTITY = "iPhone Developer";
				COPY_PHASE_STRIP = NO;
				DEBUG_INFORMATION_FORMAT = "dwarf-with-dsym";
				ENABLE_NS_ASSERTIONS = NO;
				ENABLE_STRICT_OBJC_MSGSEND = YES;
				GCC_C_LANGUAGE_STANDARD = gnu11;
				GCC_NO_COMMON_BLOCKS = YES;
				GCC_WARN_64_TO_32_BIT_CONVERSION = YES;
				GCC_WARN_ABOUT_RETURN_TYPE = YES_ERROR;
				GCC_WARN_UNDECLARED_SELECTOR = YES;
				GCC_WARN_UNINITIALIZED_AUTOS = YES_AGGRESSIVE;
				GCC_WARN_UNUSED_FUNCTION = YES;
				GCC_WARN_UNUSED_VARIABLE = YES;
				IPHONEOS_DEPLOYMENT_TARGET = 11.4;
				MTL_ENABLE_DEBUG_INFO = NO;
				SDKROOT = iphoneos;
				VALIDATE_PRODUCT = YES;
			};
			name = Release;
		};
		3AD0A1B02118848900F1DC31 /* Debug */ = {
			isa = XCBuildConfiguration;
			baseConfigurationReference = B479471729F1244B567FE4AA /* Pods-fxxproject.debug.xcconfig */;
			buildSettings = {
				ASSETCATALOG_COMPILER_APPICON_NAME = AppIcon;
				"CODE_SIGN_IDENTITY[sdk=iphoneos*]" = "iPhone Developer";
				CODE_SIGN_STYLE = Automatic;
				DEVELOPMENT_TEAM = 3HRSF485WZ;
				GCC_PREFIX_HEADER = fxxproject/PrefixHeader.pch;
				INFOPLIST_FILE = fxxproject/Info.plist;
				IPHONEOS_DEPLOYMENT_TARGET = 11.2;
				LD_RUNPATH_SEARCH_PATHS = "$(inherited) @executable_path/Frameworks";
				PRODUCT_BUNDLE_IDENTIFIER = com.fxx.burninrubber;
				PRODUCT_NAME = "$(TARGET_NAME)";
				PROVISIONING_PROFILE = "";
				PROVISIONING_PROFILE_SPECIFIER = "";
				TARGETED_DEVICE_FAMILY = "1,2";
			};
			name = Debug;
		};
		3AD0A1B12118848900F1DC31 /* Release */ = {
			isa = XCBuildConfiguration;
			baseConfigurationReference = AAAD465F23A80C5CA714DFA8 /* Pods-fxxproject.release.xcconfig */;
			buildSettings = {
				ASSETCATALOG_COMPILER_APPICON_NAME = AppIcon;
				"CODE_SIGN_IDENTITY[sdk=iphoneos*]" = "iPhone Developer";
				CODE_SIGN_STYLE = Automatic;
				DEVELOPMENT_TEAM = 3HRSF485WZ;
				GCC_PREFIX_HEADER = fxxproject/PrefixHeader.pch;
				INFOPLIST_FILE = fxxproject/Info.plist;
				IPHONEOS_DEPLOYMENT_TARGET = 11.2;
				LD_RUNPATH_SEARCH_PATHS = "$(inherited) @executable_path/Frameworks";
				PRODUCT_BUNDLE_IDENTIFIER = com.fxx.burninrubber;
				PRODUCT_NAME = "$(TARGET_NAME)";
				PROVISIONING_PROFILE = "";
				PROVISIONING_PROFILE_SPECIFIER = "";
				TARGETED_DEVICE_FAMILY = "1,2";
			};
			name = Release;
		};
		3AD0A1B32118848900F1DC31 /* Debug */ = {
			isa = XCBuildConfiguration;
			buildSettings = {
				BUNDLE_LOADER = "$(TEST_HOST)";
				CODE_SIGN_STYLE = Automatic;
				DEVELOPMENT_TEAM = Z8SM42228E;
				INFOPLIST_FILE = fxxprojectTests/Info.plist;
				LD_RUNPATH_SEARCH_PATHS = "$(inherited) @executable_path/Frameworks @loader_path/Frameworks";
				PRODUCT_BUNDLE_IDENTIFIER = com.fxx.bluetooth.fxxprojectTests;
				PRODUCT_NAME = "$(TARGET_NAME)";
				TARGETED_DEVICE_FAMILY = "1,2";
				TEST_HOST = "$(BUILT_PRODUCTS_DIR)/fxxproject.app/fxxproject";
			};
			name = Debug;
		};
		3AD0A1B42118848900F1DC31 /* Release */ = {
			isa = XCBuildConfiguration;
			buildSettings = {
				BUNDLE_LOADER = "$(TEST_HOST)";
				CODE_SIGN_STYLE = Automatic;
				DEVELOPMENT_TEAM = Z8SM42228E;
				INFOPLIST_FILE = fxxprojectTests/Info.plist;
				LD_RUNPATH_SEARCH_PATHS = "$(inherited) @executable_path/Frameworks @loader_path/Frameworks";
				PRODUCT_BUNDLE_IDENTIFIER = com.fxx.bluetooth.fxxprojectTests;
				PRODUCT_NAME = "$(TARGET_NAME)";
				TARGETED_DEVICE_FAMILY = "1,2";
				TEST_HOST = "$(BUILT_PRODUCTS_DIR)/fxxproject.app/fxxproject";
			};
			name = Release;
		};
		3AD0A1B62118848900F1DC31 /* Debug */ = {
			isa = XCBuildConfiguration;
			buildSettings = {
				CODE_SIGN_STYLE = Automatic;
				DEVELOPMENT_TEAM = Z8SM42228E;
				INFOPLIST_FILE = fxxprojectUITests/Info.plist;
				LD_RUNPATH_SEARCH_PATHS = "$(inherited) @executable_path/Frameworks @loader_path/Frameworks";
				PRODUCT_BUNDLE_IDENTIFIER = com.fxx.bluetooth.fxxprojectUITests;
				PRODUCT_NAME = "$(TARGET_NAME)";
				TARGETED_DEVICE_FAMILY = "1,2";
				TEST_TARGET_NAME = fxxproject;
			};
			name = Debug;
		};
		3AD0A1B72118848900F1DC31 /* Release */ = {
			isa = XCBuildConfiguration;
			buildSettings = {
				CODE_SIGN_STYLE = Automatic;
				DEVELOPMENT_TEAM = Z8SM42228E;
				INFOPLIST_FILE = fxxprojectUITests/Info.plist;
				LD_RUNPATH_SEARCH_PATHS = "$(inherited) @executable_path/Frameworks @loader_path/Frameworks";
				PRODUCT_BUNDLE_IDENTIFIER = com.fxx.bluetooth.fxxprojectUITests;
				PRODUCT_NAME = "$(TARGET_NAME)";
				TARGETED_DEVICE_FAMILY = "1,2";
				TEST_TARGET_NAME = fxxproject;
			};
			name = Release;
		};
/* End XCBuildConfiguration section */

/* Begin XCConfigurationList section */
		3AD0A17E2118848600F1DC31 /* Build configuration list for PBXProject "fxxproject" */ = {
			isa = XCConfigurationList;
			buildConfigurations = (
				3AD0A1AD2118848900F1DC31 /* Debug */,
				3AD0A1AE2118848900F1DC31 /* Release */,
			);
			defaultConfigurationIsVisible = 0;
			defaultConfigurationName = Release;
		};
		3AD0A1AF2118848900F1DC31 /* Build configuration list for PBXNativeTarget "fxxproject" */ = {
			isa = XCConfigurationList;
			buildConfigurations = (
				3AD0A1B02118848900F1DC31 /* Debug */,
				3AD0A1B12118848900F1DC31 /* Release */,
			);
			defaultConfigurationIsVisible = 0;
			defaultConfigurationName = Release;
		};
		3AD0A1B22118848900F1DC31 /* Build configuration list for PBXNativeTarget "fxxprojectTests" */ = {
			isa = XCConfigurationList;
			buildConfigurations = (
				3AD0A1B32118848900F1DC31 /* Debug */,
				3AD0A1B42118848900F1DC31 /* Release */,
			);
			defaultConfigurationIsVisible = 0;
			defaultConfigurationName = Release;
		};
		3AD0A1B52118848900F1DC31 /* Build configuration list for PBXNativeTarget "fxxprojectUITests" */ = {
			isa = XCConfigurationList;
			buildConfigurations = (
				3AD0A1B62118848900F1DC31 /* Debug */,
				3AD0A1B72118848900F1DC31 /* Release */,
			);
			defaultConfigurationIsVisible = 0;
			defaultConfigurationName = Release;
		};
/* End XCConfigurationList section */
	};
	rootObject = 3AD0A17B2118848600F1DC31 /* Project object */;
}
